// !$*UTF8*$!
{
	archiveVersion = 1;
	classes = {
	};
	objectVersion = 46;
	objects = {

/* Begin PBXBuildFile section */
		D603FA831B4F332A002F00F5 /* AppDelegate.swift in Sources */ = {isa = PBXBuildFile; fileRef = D603FA821B4F332A002F00F5 /* AppDelegate.swift */; };
		D603FA851B4F332A002F00F5 /* ViewController.swift in Sources */ = {isa = PBXBuildFile; fileRef = D603FA841B4F332A002F00F5 /* ViewController.swift */; };
		D603FA871B4F332A002F00F5 /* Images.xcassets in Resources */ = {isa = PBXBuildFile; fileRef = D603FA861B4F332A002F00F5 /* Images.xcassets */; };
		D603FA8A1B4F332A002F00F5 /* Main.storyboard in Resources */ = {isa = PBXBuildFile; fileRef = D603FA881B4F332A002F00F5 /* Main.storyboard */; };
		D603FA961B4F332A002F00F5 /* mappyTests.swift in Sources */ = {isa = PBXBuildFile; fileRef = D603FA951B4F332A002F00F5 /* mappyTests.swift */; };
		D603FAA01B4F33B6002F00F5 /* Config.plist in Resources */ = {isa = PBXBuildFile; fileRef = D603FA9F1B4F33B6002F00F5 /* Config.plist */; };
		D603FAA21B4F3420002F00F5 /* Mappy.swift in Sources */ = {isa = PBXBuildFile; fileRef = D603FAA11B4F3420002F00F5 /* Mappy.swift */; };
		D62D3A801B51C4F4004F1011 /* main.html in Resources */ = {isa = PBXBuildFile; fileRef = D62D3A7F1B51C4F4004F1011 /* main.html */; };
		D62D3A861B531872004F1011 /* ios7-location-outline.png in Resources */ = {isa = PBXBuildFile; fileRef = D62D3A851B531872004F1011 /* ios7-location-outline.png */; };
/* End PBXBuildFile section */

/* Begin PBXContainerItemProxy section */
		D603FA901B4F332A002F00F5 /* PBXContainerItemProxy */ = {
			isa = PBXContainerItemProxy;
			containerPortal = D603FA751B4F332A002F00F5 /* Project object */;
			proxyType = 1;
			remoteGlobalIDString = D603FA7C1B4F332A002F00F5;
			remoteInfo = mappy;
		};
/* End PBXContainerItemProxy section */

/* Begin PBXFileReference section */
		D603FA7D1B4F332A002F00F5 /* mappy.app */ = {isa = PBXFileReference; explicitFileType = wrapper.application; includeInIndex = 0; path = mappy.app; sourceTree = BUILT_PRODUCTS_DIR; };
		D603FA811B4F332A002F00F5 /* Info.plist */ = {isa = PBXFileReference; lastKnownFileType = text.plist.xml; path = Info.plist; sourceTree = "<group>"; };
		D603FA821B4F332A002F00F5 /* AppDelegate.swift */ = {isa = PBXFileReference; lastKnownFileType = sourcecode.swift; path = AppDelegate.swift; sourceTree = "<group>"; };
		D603FA841B4F332A002F00F5 /* ViewController.swift */ = {isa = PBXFileReference; lastKnownFileType = sourcecode.swift; path = ViewController.swift; sourceTree = "<group>"; };
		D603FA861B4F332A002F00F5 /* Images.xcassets */ = {isa = PBXFileReference; lastKnownFileType = folder.assetcatalog; path = Images.xcassets; sourceTree = "<group>"; };
		D603FA891B4F332A002F00F5 /* Base */ = {isa = PBXFileReference; lastKnownFileType = file.storyboard; name = Base; path = Base.lproj/Main.storyboard; sourceTree = "<group>"; };
		D603FA8F1B4F332A002F00F5 /* mappyTests.xctest */ = {isa = PBXFileReference; explicitFileType = wrapper.cfbundle; includeInIndex = 0; path = mappyTests.xctest; sourceTree = BUILT_PRODUCTS_DIR; };
		D603FA941B4F332A002F00F5 /* Info.plist */ = {isa = PBXFileReference; lastKnownFileType = text.plist.xml; path = Info.plist; sourceTree = "<group>"; };
		D603FA951B4F332A002F00F5 /* mappyTests.swift */ = {isa = PBXFileReference; lastKnownFileType = sourcecode.swift; path = mappyTests.swift; sourceTree = "<group>"; };
		D603FA9F1B4F33B6002F00F5 /* Config.plist */ = {isa = PBXFileReference; fileEncoding = 4; lastKnownFileType = text.plist.xml; path = Config.plist; sourceTree = "<group>"; };
		D603FAA11B4F3420002F00F5 /* Mappy.swift */ = {isa = PBXFileReference; fileEncoding = 4; lastKnownFileType = sourcecode.swift; path = Mappy.swift; sourceTree = "<group>"; };
		D603FAA51B4F3CC9002F00F5 /* mappy.entitlements */ = {isa = PBXFileReference; lastKnownFileType = text.xml; path = mappy.entitlements; sourceTree = "<group>"; };
		D62D3A7F1B51C4F4004F1011 /* main.html */ = {isa = PBXFileReference; fileEncoding = 4; lastKnownFileType = text.html; path = main.html; sourceTree = "<group>"; };
		D62D3A851B531872004F1011 /* ios7-location-outline.png */ = {isa = PBXFileReference; lastKnownFileType = image.png; path = "ios7-location-outline.png"; sourceTree = "<group>"; };
/* End PBXFileReference section */

/* Begin PBXFrameworksBuildPhase section */
		D603FA7A1B4F332A002F00F5 /* Frameworks */ = {
			isa = PBXFrameworksBuildPhase;
			buildActionMask = 2147483647;
			files = (
			);
			runOnlyForDeploymentPostprocessing = 0;
		};
		D603FA8C1B4F332A002F00F5 /* Frameworks */ = {
			isa = PBXFrameworksBuildPhase;
			buildActionMask = 2147483647;
			files = (
			);
			runOnlyForDeploymentPostprocessing = 0;
		};
/* End PBXFrameworksBuildPhase section */

/* Begin PBXGroup section */
		D603FA741B4F332A002F00F5 = {
			isa = PBXGroup;
			children = (
				D603FA7F1B4F332A002F00F5 /* mappy */,
				D603FA921B4F332A002F00F5 /* mappyTests */,
				D603FA7E1B4F332A002F00F5 /* Products */,
			);
			sourceTree = "<group>";
		};
		D603FA7E1B4F332A002F00F5 /* Products */ = {
			isa = PBXGroup;
			children = (
				D603FA7D1B4F332A002F00F5 /* mappy.app */,
				D603FA8F1B4F332A002F00F5 /* mappyTests.xctest */,
			);
			name = Products;
			sourceTree = "<group>";
		};
		D603FA7F1B4F332A002F00F5 /* mappy */ = {
			isa = PBXGroup;
			children = (
				D62D3A851B531872004F1011 /* ios7-location-outline.png */,
				D603FA821B4F332A002F00F5 /* AppDelegate.swift */,
				D603FA841B4F332A002F00F5 /* ViewController.swift */,
				D603FAA11B4F3420002F00F5 /* Mappy.swift */,
				D603FA801B4F332A002F00F5 /* Supporting Files */,
				D603FA881B4F332A002F00F5 /* Main.storyboard */,
				D603FAA51B4F3CC9002F00F5 /* mappy.entitlements */,
				D603FA861B4F332A002F00F5 /* Images.xcassets */,
			);
			path = mappy;
			sourceTree = "<group>";
		};
		D603FA801B4F332A002F00F5 /* Supporting Files */ = {
			isa = PBXGroup;
			children = (
				D603FA811B4F332A002F00F5 /* Info.plist */,
				D603FA9F1B4F33B6002F00F5 /* Config.plist */,
				D62D3A7F1B51C4F4004F1011 /* main.html */,
			);
			name = "Supporting Files";
			sourceTree = "<group>";
		};
		D603FA921B4F332A002F00F5 /* mappyTests */ = {
			isa = PBXGroup;
			children = (
				D603FA951B4F332A002F00F5 /* mappyTests.swift */,
				D603FA931B4F332A002F00F5 /* Supporting Files */,
			);
			path = mappyTests;
			sourceTree = "<group>";
		};
		D603FA931B4F332A002F00F5 /* Supporting Files */ = {
			isa = PBXGroup;
			children = (
				D603FA941B4F332A002F00F5 /* Info.plist */,
			);
			name = "Supporting Files";
			sourceTree = "<group>";
		};
/* End PBXGroup section */

/* Begin PBXNativeTarget section */
		D603FA7C1B4F332A002F00F5 /* mappy */ = {
			isa = PBXNativeTarget;
			buildConfigurationList = D603FA991B4F332A002F00F5 /* Build configuration list for PBXNativeTarget "mappy" */;
			buildPhases = (
				D603FA791B4F332A002F00F5 /* Sources */,
				D603FA7A1B4F332A002F00F5 /* Frameworks */,
				D603FA7B1B4F332A002F00F5 /* Resources */,
			);
			buildRules = (
			);
			dependencies = (
			);
			name = mappy;
			productName = mappy;
			productReference = D603FA7D1B4F332A002F00F5 /* mappy.app */;
			productType = "com.apple.product-type.application";
		};
		D603FA8E1B4F332A002F00F5 /* mappyTests */ = {
			isa = PBXNativeTarget;
			buildConfigurationList = D603FA9C1B4F332A002F00F5 /* Build configuration list for PBXNativeTarget "mappyTests" */;
			buildPhases = (
				D603FA8B1B4F332A002F00F5 /* Sources */,
				D603FA8C1B4F332A002F00F5 /* Frameworks */,
				D603FA8D1B4F332A002F00F5 /* Resources */,
			);
			buildRules = (
			);
			dependencies = (
				D603FA911B4F332A002F00F5 /* PBXTargetDependency */,
			);
			name = mappyTests;
			productName = mappyTests;
			productReference = D603FA8F1B4F332A002F00F5 /* mappyTests.xctest */;
			productType = "com.apple.product-type.bundle.unit-test";
		};
/* End PBXNativeTarget section */

/* Begin PBXProject section */
		D603FA751B4F332A002F00F5 /* Project object */ = {
			isa = PBXProject;
			attributes = {
				LastUpgradeCheck = 0640;
				ORGANIZATIONNAME = dennisp.se;
				TargetAttributes = {
					D603FA7C1B4F332A002F00F5 = {
						CreatedOnToolsVersion = 6.4;
						SystemCapabilities = {
							com.apple.Sandbox = {
								enabled = 1;
							};
						};
					};
					D603FA8E1B4F332A002F00F5 = {
						CreatedOnToolsVersion = 6.4;
						TestTargetID = D603FA7C1B4F332A002F00F5;
					};
				};
			};
			buildConfigurationList = D603FA781B4F332A002F00F5 /* Build configuration list for PBXProject "mappy" */;
			compatibilityVersion = "Xcode 3.2";
			developmentRegion = English;
			hasScannedForEncodings = 0;
			knownRegions = (
				en,
				Base,
			);
			mainGroup = D603FA741B4F332A002F00F5;
			productRefGroup = D603FA7E1B4F332A002F00F5 /* Products */;
			projectDirPath = "";
			projectRoot = "";
			targets = (
				D603FA7C1B4F332A002F00F5 /* mappy */,
				D603FA8E1B4F332A002F00F5 /* mappyTests */,
			);
		};
/* End PBXProject section */

/* Begin PBXResourcesBuildPhase section */
		D603FA7B1B4F332A002F00F5 /* Resources */ = {
			isa = PBXResourcesBuildPhase;
			buildActionMask = 2147483647;
			files = (
				D603FA871B4F332A002F00F5 /* Images.xcassets in Resources */,
				D62D3A801B51C4F4004F1011 /* main.html in Resources */,
				D603FAA01B4F33B6002F00F5 /* Config.plist in Resources */,
				D62D3A861B531872004F1011 /* ios7-location-outline.png in Resources */,
				D603FA8A1B4F332A002F00F5 /* Main.storyboard in Resources */,
			);
			runOnlyForDeploymentPostprocessing = 0;
		};
		D603FA8D1B4F332A002F00F5 /* Resources */ = {
			isa = PBXResourcesBuildPhase;
			buildActionMask = 2147483647;
			files = (
			);
			runOnlyForDeploymentPostprocessing = 0;
		};
/* End PBXResourcesBuildPhase section */

/* Begin PBXSourcesBuildPhase section */
		D603FA791B4F332A002F00F5 /* Sources */ = {
			isa = PBXSourcesBuildPhase;
			buildActionMask = 2147483647;
			files = (
				D603FA851B4F332A002F00F5 /* ViewController.swift in Sources */,
				D603FA831B4F332A002F00F5 /* AppDelegate.swift in Sources */,
				D603FAA21B4F3420002F00F5 /* Mappy.swift in Sources */,
			);
			runOnlyForDeploymentPostprocessing = 0;
		};
		D603FA8B1B4F332A002F00F5 /* Sources */ = {
			isa = PBXSourcesBuildPhase;
			buildActionMask = 2147483647;
			files = (
				D603FA961B4F332A002F00F5 /* mappyTests.swift in Sources */,
			);
			runOnlyForDeploymentPostprocessing = 0;
		};
/* End PBXSourcesBuildPhase section */

/* Begin PBXTargetDependency section */
		D603FA911B4F332A002F00F5 /* PBXTargetDependency */ = {
			isa = PBXTargetDependency;
			target = D603FA7C1B4F332A002F00F5 /* mappy */;
			targetProxy = D603FA901B4F332A002F00F5 /* PBXContainerItemProxy */;
		};
/* End PBXTargetDependency section */

/* Begin PBXVariantGroup section */
		D603FA881B4F332A002F00F5 /* Main.storyboard */ = {
			isa = PBXVariantGroup;
			children = (
				D603FA891B4F332A002F00F5 /* Base */,
			);
			name = Main.storyboard;
			sourceTree = "<group>";
		};
/* End PBXVariantGroup section */

/* Begin XCBuildConfiguration section */
		D603FA971B4F332A002F00F5 /* Debug */ = {
			isa = XCBuildConfiguration;
			buildSettings = {
				ALWAYS_SEARCH_USER_PATHS = NO;
				CLANG_CXX_LANGUAGE_STANDARD = "gnu++0x";
				CLANG_CXX_LIBRARY = "libc++";
				CLANG_ENABLE_MODULES = YES;
				CLANG_ENABLE_OBJC_ARC = YES;
				CLANG_WARN_BOOL_CONVERSION = YES;
				CLANG_WARN_CONSTANT_CONVERSION = YES;
				CLANG_WARN_DIRECT_OBJC_ISA_USAGE = YES_ERROR;
				CLANG_WARN_EMPTY_BODY = YES;
				CLANG_WARN_ENUM_CONVERSION = YES;
				CLANG_WARN_INT_CONVERSION = YES;
				CLANG_WARN_OBJC_ROOT_CLASS = YES_ERROR;
				CLANG_WARN_UNREACHABLE_CODE = YES;
				CLANG_WARN__DUPLICATE_METHOD_MATCH = YES;
				CODE_SIGN_IDENTITY = "-";
				COPY_PHASE_STRIP = NO;
				DEBUG_INFORMATION_FORMAT = dwarf;
				ENABLE_STRICT_OBJC_MSGSEND = YES;
				GCC_C_LANGUAGE_STANDARD = gnu99;
				GCC_DYNAMIC_NO_PIC = NO;
				GCC_NO_COMMON_BLOCKS = YES;
				GCC_OPTIMIZATION_LEVEL = 0;
				GCC_PREPROCESSOR_DEFINITIONS = (
					"DEBUG=1",
					"$(inherited)",
				);
				GCC_SYMBOLS_PRIVATE_EXTERN = NO;
				GCC_WARN_64_TO_32_BIT_CONVERSION = YES;
				GCC_WARN_ABOUT_RETURN_TYPE = YES_ERROR;
				GCC_WARN_UNDECLARED_SELECTOR = YES;
				GCC_WARN_UNINITIALIZED_AUTOS = YES_AGGRESSIVE;
				GCC_WARN_UNUSED_FUNCTION = YES;
				GCC_WARN_UNUSED_VARIABLE = YES;
				MACOSX_DEPLOYMENT_TARGET = 10.10;
				MTL_ENABLE_DEBUG_INFO = YES;
				ONLY_ACTIVE_ARCH = YES;
				SDKROOT = macosx;
				SWIFT_OPTIMIZATION_LEVEL = "-Onone";
			};
			name = Debug;
		};
		D603FA981B4F332A002F00F5 /* Release */ = {
			isa = XCBuildConfiguration;
			buildSettings = {
				ALWAYS_SEARCH_USER_PATHS = NO;
				CLANG_CXX_LANGUAGE_STANDARD = "gnu++0x";
				CLANG_CXX_LIBRARY = "libc++";
				CLANG_ENABLE_MODULES = YES;
				CLANG_ENABLE_OBJC_ARC = YES;
				CLANG_WARN_BOOL_CONVERSION = YES;
				CLANG_WARN_CONSTANT_CONVERSION = YES;
				CLANG_WARN_DIRECT_OBJC_ISA_USAGE = YES_ERROR;
				CLANG_WARN_EMPTY_BODY = YES;
				CLANG_WARN_ENUM_CONVERSION = YES;
				CLANG_WARN_INT_CONVERSION = YES;
				CLANG_WARN_OBJC_ROOT_CLASS = YES_ERROR;
				CLANG_WARN_UNREACHABLE_CODE = YES;
				CLANG_WARN__DUPLICATE_METHOD_MATCH = YES;
				CODE_SIGN_IDENTITY = "-";
				COPY_PHASE_STRIP = NO;
				DEBUG_INFORMATION_FORMAT = "dwarf-with-dsym";
				ENABLE_NS_ASSERTIONS = NO;
				ENABLE_STRICT_OBJC_MSGSEND = YES;
				GCC_C_LANGUAGE_STANDARD = gnu99;
				GCC_NO_COMMON_BLOCKS = YES;
				GCC_WARN_64_TO_32_BIT_CONVERSION = YES;
				GCC_WARN_ABOUT_RETURN_TYPE = YES_ERROR;
				GCC_WARN_UNDECLARED_SELECTOR = YES;
				GCC_WARN_UNINITIALIZED_AUTOS = YES_AGGRESSIVE;
				GCC_WARN_UNUSED_FUNCTION = YES;
				GCC_WARN_UNUSED_VARIABLE = YES;
				MACOSX_DEPLOYMENT_TARGET = 10.10;
				MTL_ENABLE_DEBUG_INFO = NO;
				SDKROOT = macosx;
			};
			name = Release;
		};
		D603FA9A1B4F332A002F00F5 /* Debug */ = {
			isa = XCBuildConfiguration;
			buildSettings = {
				ASSETCATALOG_COMPILER_APPICON_NAME = AppIcon;
				CODE_SIGN_ENTITLEMENTS = mappy/mappy.entitlements;
				COMBINE_HIDPI_IMAGES = YES;
				INFOPLIST_FILE = mappy/Info.plist;
				LD_RUNPATH_SEARCH_PATHS = "$(inherited) @executable_path/../Frameworks";
				PRODUCT_NAME = "$(TARGET_NAME)";
			};
			name = Debug;
		};
		D603FA9B1B4F332A002F00F5 /* Release */ = {
			isa = XCBuildConfiguration;
			buildSettings = {
				ASSETCATALOG_COMPILER_APPICON_NAME = AppIcon;
				CODE_SIGN_ENTITLEMENTS = mappy/mappy.entitlements;
				COMBINE_HIDPI_IMAGES = YES;
				INFOPLIST_FILE = mappy/Info.plist;
				LD_RUNPATH_SEARCH_PATHS = "$(inherited) @executable_path/../Frameworks";
				PRODUCT_NAME = "$(TARGET_NAME)";
			};
			name = Release;
		};
		D603FA9D1B4F332A002F00F5 /* Debug */ = {
			isa = XCBuildConfiguration;
			buildSettings = {
				BUNDLE_LOADER = "$(TEST_HOST)";
				COMBINE_HIDPI_IMAGES = YES;
				FRAMEWORK_SEARCH_PATHS = (
					"$(DEVELOPER_FRAMEWORKS_DIR)",
					"$(inherited)",
				);
				GCC_PREPROCESSOR_DEFINITIONS = (
					"DEBUG=1",
					"$(inherited)",
				);
				INFOPLIST_FILE = mappyTests/Info.plist;
				LD_RUNPATH_SEARCH_PATHS = "$(inherited) @executable_path/../Frameworks @loader_path/../Frameworks";
				PRODUCT_NAME = "$(TARGET_NAME)";
				TEST_HOST = "$(BUILT_PRODUCTS_DIR)/mappy.app/Contents/MacOS/mappy";
			};
			name = Debug;
		};
		D603FA9E1B4F332A002F00F5 /* Release */ = {
			isa = XCBuildConfiguration;
			buildSettings = {
				BUNDLE_LOADER = "$(TEST_HOST)";
				COMBINE_HIDPI_IMAGES = YES;
				FRAMEWORK_SEARCH_PATHS = (
					"$(DEVELOPER_FRAMEWORKS_DIR)",
					"$(inherited)",
				);
				INFOPLIST_FILE = mappyTests/Info.plist;
				LD_RUNPATH_SEARCH_PATHS = "$(inherited) @executable_path/../Frameworks @loader_path/../Frameworks";
				PRODUCT_NAME = "$(TARGET_NAME)";
				TEST_HOST = "$(BUILT_PRODUCTS_DIR)/mappy.app/Contents/MacOS/mappy";
			};
			name = Release;
		};
/* End XCBuildConfiguration section */

/* Begin XCConfigurationList section */
		D603FA781B4F332A002F00F5 /* Build configuration list for PBXProject "mappy" */ = {
			isa = XCConfigurationList;
			buildConfigurations = (
				D603FA971B4F332A002F00F5 /* Debug */,
				D603FA981B4F332A002F00F5 /* Release */,
			);
			defaultConfigurationIsVisible = 0;
			defaultConfigurationName = Release;
		};
		D603FA991B4F332A002F00F5 /* Build configuration list for PBXNativeTarget "mappy" */ = {
			isa = XCConfigurationList;
			buildConfigurations = (
				D603FA9A1B4F332A002F00F5 /* Debug */,
				D603FA9B1B4F332A002F00F5 /* Release */,
			);
			defaultConfigurationIsVisible = 0;
			defaultConfigurationName = Release;
		};
		D603FA9C1B4F332A002F00F5 /* Build configuration list for PBXNativeTarget "mappyTests" */ = {
			isa = XCConfigurationList;
			buildConfigurations = (
				D603FA9D1B4F332A002F00F5 /* Debug */,
				D603FA9E1B4F332A002F00F5 /* Release */,
			);
			defaultConfigurationIsVisible = 0;
			defaultConfigurationName = Release;
		};
/* End XCConfigurationList section */
	};
	rootObject = D603FA751B4F332A002F00F5 /* Project object */;
}
